
Microsoft Visual Studio Solution File, Format Version 12.00
# Visual Studio 15
VisualStudioVersion = 15.0.27004.2002
MinimumVisualStudioVersion = 10.0.40219.1
Project("{FAE04EC0-301F-11D3-BF4B-00C04F79EFBC}") = "SitecoreDev", "SitecoreDev\SitecoreDev.csproj", "{97FD16DC-9F92-4051-9E5A-748B20372D5D}"
EndProject
Project("{2150E333-8FDC-42A3-9474-1A3956D46DE8}") = "lib", "lib", "{BC658A00-A54F-4D86-96FE-ACD5CC165AF5}"
	ProjectSection(SolutionItems) = preProject
		lib\Sitecore.Kernel.dll = lib\Sitecore.Kernel.dll
		lib\Sitecore.Mvc.dll = lib\Sitecore.Mvc.dll
	EndProjectSection
EndProject
Global
	GlobalSection(SolutionConfigurationPlatforms) = preSolution
		Debug|Any CPU = Debug|Any CPU
		Release|Any CPU = Release|Any CPU
	EndGlobalSection
	GlobalSection(ProjectConfigurationPlatforms) = postSolution
		{97FD16DC-9F92-4051-9E5A-748B20372D5D}.Debug|Any CPU.ActiveCfg = Debug|Any CPU
		{97FD16DC-9F92-4051-9E5A-748B20372D5D}.Debug|Any CPU.Build.0 = Debug|Any CPU
		{97FD16DC-9F92-4051-9E5A-748B20372D5D}.Release|Any CPU.ActiveCfg = Release|Any CPU
		{97FD16DC-9F92-4051-9E5A-748B20372D5D}.Release|Any CPU.Build.0 = Release|Any CPU
	EndGlobalSection
	GlobalSection(SolutionProperties) = preSolution
		HideSolutionNode = FALSE
	EndGlobalSection
	GlobalSection(ExtensibilityGlobals) = postSolution
		SolutionGuid = {6C094F78-F995-45AA-A181-D1F67F952E08}
		EnterpriseLibraryConfigurationToolBinariesPathV6 = packages\EnterpriseLibrary.Common.6.0.1304.0\lib\NET45;packages\EnterpriseLibrary.TransientFaultHandling.6.0.1304.0\lib\portable-net45+win+wp8;packages\EnterpriseLibrary.TransientFaultHandling.Caching.6.0.1304.0\lib\NET45;packages\EnterpriseLibrary.TransientFaultHandling.Data.6.0.1304.1\lib\NET45;packages\EnterpriseLibrary.TransientFaultHandling.ServiceBus.6.0.1304.0\lib\NET45;packages\EnterpriseLibrary.TransientFaultHandling.WindowsAzure.Storage.6.0.1304.0\lib\NET45;packages\EnterpriseLibrary.TransientFaultHandling.Configuration.6.0.1304.0\lib\NET45
	EndGlobalSection
EndGlobal
